// !$*UTF8*$!
{
	archiveVersion = 1;
	classes = {
	};
	objectVersion = 50;
	objects = {

/* Begin PBXBuildFile section */
		083CF014261F2CF40098386C /* AppDelegate.swift in Sources */ = {isa = PBXBuildFile; fileRef = 083CF013261F2CF40098386C /* AppDelegate.swift */; };
		083CF016261F2CF40098386C /* SceneDelegate.swift in Sources */ = {isa = PBXBuildFile; fileRef = 083CF015261F2CF40098386C /* SceneDelegate.swift */; };
		083CF018261F2CF40098386C /* ViewController.swift in Sources */ = {isa = PBXBuildFile; fileRef = 083CF017261F2CF40098386C /* ViewController.swift */; };
		083CF01B261F2CF40098386C /* Main.storyboard in Resources */ = {isa = PBXBuildFile; fileRef = 083CF019261F2CF40098386C /* Main.storyboard */; };
		083CF01D261F2CF70098386C /* Assets.xcassets in Resources */ = {isa = PBXBuildFile; fileRef = 083CF01C261F2CF70098386C /* Assets.xcassets */; };
		083CF020261F2CF70098386C /* LaunchScreen.storyboard in Resources */ = {isa = PBXBuildFile; fileRef = 083CF01E261F2CF70098386C /* LaunchScreen.storyboard */; };
		083CF029261F2D560098386C /* ReadMe in Resources */ = {isa = PBXBuildFile; fileRef = 083CF028261F2D560098386C /* ReadMe */; };
		083CF02D261F33440098386C /* Sign.swift in Sources */ = {isa = PBXBuildFile; fileRef = 083CF02C261F33440098386C /* Sign.swift */; };
		083CF031261F34B40098386C /* GameState.swift in Sources */ = {isa = PBXBuildFile; fileRef = 083CF030261F34B40098386C /* GameState.swift */; };
/* End PBXBuildFile section */

/* Begin PBXFileReference section */
		083CF010261F2CF40098386C /* Gamer.app */ = {isa = PBXFileReference; explicitFileType = wrapper.application; includeInIndex = 0; path = Gamer.app; sourceTree = BUILT_PRODUCTS_DIR; };
		083CF013261F2CF40098386C /* AppDelegate.swift */ = {isa = PBXFileReference; lastKnownFileType = sourcecode.swift; path = AppDelegate.swift; sourceTree = "<group>"; };
		083CF015261F2CF40098386C /* SceneDelegate.swift */ = {isa = PBXFileReference; lastKnownFileType = sourcecode.swift; path = SceneDelegate.swift; sourceTree = "<group>"; };
		083CF017261F2CF40098386C /* ViewController.swift */ = {isa = PBXFileReference; lastKnownFileType = sourcecode.swift; path = ViewController.swift; sourceTree = "<group>"; };
		083CF01A261F2CF40098386C /* Base */ = {isa = PBXFileReference; lastKnownFileType = file.storyboard; name = Base; path = Base.lproj/Main.storyboard; sourceTree = "<group>"; };
		083CF01C261F2CF70098386C /* Assets.xcassets */ = {isa = PBXFileReference; lastKnownFileType = folder.assetcatalog; path = Assets.xcassets; sourceTree = "<group>"; };
		083CF01F261F2CF70098386C /* Base */ = {isa = PBXFileReference; lastKnownFileType = file.storyboard; name = Base; path = Base.lproj/LaunchScreen.storyboard; sourceTree = "<group>"; };
		083CF021261F2CF70098386C /* Info.plist */ = {isa = PBXFileReference; lastKnownFileType = text.plist.xml; path = Info.plist; sourceTree = "<group>"; };
		083CF028261F2D560098386C /* ReadMe */ = {isa = PBXFileReference; lastKnownFileType = text; path = ReadMe; sourceTree = "<group>"; };
		083CF02C261F33440098386C /* Sign.swift */ = {isa = PBXFileReference; lastKnownFileType = sourcecode.swift; path = Sign.swift; sourceTree = "<group>"; };
		083CF030261F34B40098386C /* GameState.swift */ = {isa = PBXFileReference; lastKnownFileType = sourcecode.swift; path = GameState.swift; sourceTree = "<group>"; };
/* End PBXFileReference section */

/* Begin PBXFrameworksBuildPhase section */
		083CF00D261F2CF40098386C /* Frameworks */ = {
			isa = PBXFrameworksBuildPhase;
			buildActionMask = 2147483647;
			files = (
			);
			runOnlyForDeploymentPostprocessing = 0;
		};
/* End PBXFrameworksBuildPhase section */

/* Begin PBXGroup section */
		083CF007261F2CF40098386C = {
			isa = PBXGroup;
			children = (
				083CF028261F2D560098386C /* ReadMe */,
				083CF012261F2CF40098386C /* Gamer */,
				083CF011261F2CF40098386C /* Products */,
			);
			sourceTree = "<group>";
		};
		083CF011261F2CF40098386C /* Products */ = {
			isa = PBXGroup;
			children = (
				083CF010261F2CF40098386C /* Gamer.app */,
			);
			name = Products;
			sourceTree = "<group>";
		};
		083CF012261F2CF40098386C /* Gamer */ = {
			isa = PBXGroup;
			children = (
				083CF013261F2CF40098386C /* AppDelegate.swift */,
				083CF015261F2CF40098386C /* SceneDelegate.swift */,
				083CF017261F2CF40098386C /* ViewController.swift */,
				083CF019261F2CF40098386C /* Main.storyboard */,
				083CF02B261F33010098386C /* Models */,
				083CF01C261F2CF70098386C /* Assets.xcassets */,
				083CF01E261F2CF70098386C /* LaunchScreen.storyboard */,
				083CF021261F2CF70098386C /* Info.plist */,
			);
			path = Gamer;
			sourceTree = "<group>";
		};
		083CF02B261F33010098386C /* Models */ = {
			isa = PBXGroup;
			children = (
				083CF02C261F33440098386C /* Sign.swift */,
				083CF030261F34B40098386C /* GameState.swift */,
			);
			path = Models;
			sourceTree = "<group>";
		};
/* End PBXGroup section */

/* Begin PBXNativeTarget section */
		083CF00F261F2CF40098386C /* Gamer */ = {
			isa = PBXNativeTarget;
			buildConfigurationList = 083CF024261F2CF70098386C /* Build configuration list for PBXNativeTarget "Gamer" */;
			buildPhases = (
				083CF00C261F2CF40098386C /* Sources */,
				083CF00D261F2CF40098386C /* Frameworks */,
				083CF00E261F2CF40098386C /* Resources */,
			);
			buildRules = (
			);
			dependencies = (
			);
			name = Gamer;
			productName = Gamer;
			productReference = 083CF010261F2CF40098386C /* Gamer.app */;
			productType = "com.apple.product-type.application";
		};
/* End PBXNativeTarget section */

/* Begin PBXProject section */
		083CF008261F2CF40098386C /* Project object */ = {
			isa = PBXProject;
			attributes = {
				LastSwiftUpdateCheck = 1200;
				LastUpgradeCheck = 1200;
				TargetAttributes = {
					083CF00F261F2CF40098386C = {
						CreatedOnToolsVersion = 12.0;
					};
				};
			};
			buildConfigurationList = 083CF00B261F2CF40098386C /* Build configuration list for PBXProject "Gamer" */;
			compatibilityVersion = "Xcode 9.3";
			developmentRegion = en;
			hasScannedForEncodings = 0;
			knownRegions = (
				en,
				Base,
			);
			mainGroup = 083CF007261F2CF40098386C;
			productRefGroup = 083CF011261F2CF40098386C /* Products */;
			projectDirPath = "";
			projectRoot = "";
			targets = (
				083CF00F261F2CF40098386C /* Gamer */,
			);
		};
/* End PBXProject section */

/* Begin PBXResourcesBuildPhase section */
		083CF00E261F2CF40098386C /* Resources */ = {
			isa = PBXResourcesBuildPhase;
			buildActionMask = 2147483647;
			files = (
				083CF029261F2D560098386C /* ReadMe in Resources */,
				083CF020261F2CF70098386C /* LaunchScreen.storyboard in Resources */,
				083CF01D261F2CF70098386C /* Assets.xcassets in Resources */,
				083CF01B261F2CF40098386C /* Main.storyboard in Resources */,
			);
			runOnlyForDeploymentPostprocessing = 0;
		};
/* End PBXResourcesBuildPhase section */

/* Begin PBXSourcesBuildPhase section */
		083CF00C261F2CF40098386C /* Sources */ = {
			isa = PBXSourcesBuildPhase;
			buildActionMask = 2147483647;
			files = (
				083CF018261F2CF40098386C /* ViewController.swift in Sources */,
				083CF014261F2CF40098386C /* AppDelegate.swift in Sources */,
				083CF031261F34B40098386C /* GameState.swift in Sources */,
				083CF02D261F33440098386C /* Sign.swift in Sources */,
				083CF016261F2CF40098386C /* SceneDelegate.swift in Sources */,
			);
			runOnlyForDeploymentPostprocessing = 0;
		};
/* End PBXSourcesBuildPhase section */

/* Begin PBXVariantGroup section */
		083CF019261F2CF40098386C /* Main.storyboard */ = {
			isa = PBXVariantGroup;
			children = (
				083CF01A261F2CF40098386C /* Base */,
			);
			name = Main.storyboard;
			sourceTree = "<group>";
		};
		083CF01E261F2CF70098386C /* LaunchScreen.storyboard */ = {
			isa = PBXVariantGroup;
			children = (
				083CF01F261F2CF70098386C /* Base */,
			);
			name = LaunchScreen.storyboard;
			sourceTree = "<group>";
		};
/* End PBXVariantGroup section */

/* Begin XCBuildConfiguration section */
		083CF022261F2CF70098386C /* Debug */ = {
			isa = XCBuildConfiguration;
			buildSettings = {
				ALWAYS_SEARCH_USER_PATHS = NO;
				CLANG_ANALYZER_NONNULL = YES;
				CLANG_ANALYZER_NUMBER_OBJECT_CONVERSION = YES_AGGRESSIVE;
				CLANG_CXX_LANGUAGE_STANDARD = "gnu++14";
				CLANG_CXX_LIBRARY = "libc++";
				CLANG_ENABLE_MODULES = YES;
				CLANG_ENABLE_OBJC_ARC = YES;
				CLANG_ENABLE_OBJC_WEAK = YES;
				CLANG_WARN_BLOCK_CAPTURE_AUTORELEASING = YES;
				CLANG_WARN_BOOL_CONVERSION = YES;
				CLANG_WARN_COMMA = YES;
				CLANG_WARN_CONSTANT_CONVERSION = YES;
				CLANG_WARN_DEPRECATED_OBJC_IMPLEMENTATIONS = YES;
				CLANG_WARN_DIRECT_OBJC_ISA_USAGE = YES_ERROR;
				CLANG_WARN_DOCUMENTATION_COMMENTS = YES;
				CLANG_WARN_EMPTY_BODY = YES;
				CLANG_WARN_ENUM_CONVERSION = YES;
				CLANG_WARN_INFINITE_RECURSION = YES;
				CLANG_WARN_INT_CONVERSION = YES;
				CLANG_WARN_NON_LITERAL_NULL_CONVERSION = YES;
				CLANG_WARN_OBJC_IMPLICIT_RETAIN_SELF = YES;
				CLANG_WARN_OBJC_LITERAL_CONVERSION = YES;
				CLANG_WARN_OBJC_ROOT_CLASS = YES_ERROR;
				CLANG_WARN_QUOTED_INCLUDE_IN_FRAMEWORK_HEADER = YES;
				CLANG_WARN_RANGE_LOOP_ANALYSIS = YES;
				CLANG_WARN_STRICT_PROTOTYPES = YES;
				CLANG_WARN_SUSPICIOUS_MOVE = YES;
				CLANG_WARN_UNGUARDED_AVAILABILITY = YES_AGGRESSIVE;
				CLANG_WARN_UNREACHABLE_CODE = YES;
				CLANG_WARN__DUPLICATE_METHOD_MATCH = YES;
				COPY_PHASE_STRIP = NO;
				DEBUG_INFORMATION_FORMAT = dwarf;
				ENABLE_STRICT_OBJC_MSGSEND = YES;
				ENABLE_TESTABILITY = YES;
				GCC_C_LANGUAGE_STANDARD = gnu11;
				GCC_DYNAMIC_NO_PIC = NO;
				GCC_NO_COMMON_BLOCKS = YES;
				GCC_OPTIMIZATION_LEVEL = 0;
				GCC_PREPROCESSOR_DEFINITIONS = (
					"DEBUG=1",
					"$(inherited)",
				);
				GCC_WARN_64_TO_32_BIT_CONVERSION = YES;
				GCC_WARN_ABOUT_RETURN_TYPE = YES_ERROR;
				GCC_WARN_UNDECLARED_SELECTOR = YES;
				GCC_WARN_UNINITIALIZED_AUTOS = YES_AGGRESSIVE;
				GCC_WARN_UNUSED_FUNCTION = YES;
				GCC_WARN_UNUSED_VARIABLE = YES;
				IPHONEOS_DEPLOYMENT_TARGET = 14.0;
				MTL_ENABLE_DEBUG_INFO = INCLUDE_SOURCE;
				MTL_FAST_MATH = YES;
				ONLY_ACTIVE_ARCH = YES;
				SDKROOT = iphoneos;
				SWIFT_ACTIVE_COMPILATION_CONDITIONS = DEBUG;
				SWIFT_OPTIMIZATION_LEVEL = "-Onone";
			};
			name = Debug;
		};
		083CF023261F2CF70098386C /* Release */ = {
			isa = XCBuildConfiguration;
			buildSettings = {
				ALWAYS_SEARCH_USER_PATHS = NO;
				CLANG_ANALYZER_NONNULL = YES;
				CLANG_ANALYZER_NUMBER_OBJECT_CONVERSION = YES_AGGRESSIVE;
				CLANG_CXX_LANGUAGE_STANDARD = "gnu++14";
				CLANG_CXX_LIBRARY = "libc++";
				CLANG_ENABLE_MODULES = YES;
				CLANG_ENABLE_OBJC_ARC = YES;
				CLANG_ENABLE_OBJC_WEAK = YES;
				CLANG_WARN_BLOCK_CAPTURE_AUTORELEASING = YES;
				CLANG_WARN_BOOL_CONVERSION = YES;
				CLANG_WARN_COMMA = YES;
				CLANG_WARN_CONSTANT_CONVERSION = YES;
				CLANG_WARN_DEPRECATED_OBJC_IMPLEMENTATIONS = YES;
				CLANG_WARN_DIRECT_OBJC_ISA_USAGE = YES_ERROR;
				CLANG_WARN_DOCUMENTATION_COMMENTS = YES;
				CLANG_WARN_EMPTY_BODY = YES;
				CLANG_WARN_ENUM_CONVERSION = YES;
				CLANG_WARN_INFINITE_RECURSION = YES;
				CLANG_WARN_INT_CONVERSION = YES;
				CLANG_WARN_NON_LITERAL_NULL_CONVERSION = YES;
				CLANG_WARN_OBJC_IMPLICIT_RETAIN_SELF = YES;
				CLANG_WARN_OBJC_LITERAL_CONVERSION = YES;
				CLANG_WARN_OBJC_ROOT_CLASS = YES_ERROR;
				CLANG_WARN_QUOTED_INCLUDE_IN_FRAMEWORK_HEADER = YES;
				CLANG_WARN_RANGE_LOOP_ANALYSIS = YES;
				CLANG_WARN_STRICT_PROTOTYPES = YES;
				CLANG_WARN_SUSPICIOUS_MOVE = YES;
				CLANG_WARN_UNGUARDED_AVAILABILITY = YES_AGGRESSIVE;
				CLANG_WARN_UNREACHABLE_CODE = YES;
				CLANG_WARN__DUPLICATE_METHOD_MATCH = YES;
				COPY_PHASE_STRIP = NO;
				DEBUG_INFORMATION_FORMAT = "dwarf-with-dsym";
				ENABLE_NS_ASSERTIONS = NO;
				ENABLE_STRICT_OBJC_MSGSEND = YES;
				GCC_C_LANGUAGE_STANDARD = gnu11;
				GCC_NO_COMMON_BLOCKS = YES;
				GCC_WARN_64_TO_32_BIT_CONVERSION = YES;
				GCC_WARN_ABOUT_RETURN_TYPE = YES_ERROR;
				GCC_WARN_UNDECLARED_SELECTOR = YES;
				GCC_WARN_UNINITIALIZED_AUTOS = YES_AGGRESSIVE;
				GCC_WARN_UNUSED_FUNCTION = YES;
				GCC_WARN_UNUSED_VARIABLE = YES;
				IPHONEOS_DEPLOYMENT_TARGET = 14.0;
				MTL_ENABLE_DEBUG_INFO = NO;
				MTL_FAST_MATH = YES;
				SDKROOT = iphoneos;
				SWIFT_COMPILATION_MODE = wholemodule;
				SWIFT_OPTIMIZATION_LEVEL = "-O";
				VALIDATE_PRODUCT = YES;
			};
			name = Release;
		};
		083CF025261F2CF70098386C /* Debug */ = {
			isa = XCBuildConfiguration;
			buildSettings = {
				ASSETCATALOG_COMPILER_APPICON_NAME = AppIcon;
				ASSETCATALOG_COMPILER_GLOBAL_ACCENT_COLOR_NAME = AccentColor;
				CODE_SIGN_STYLE = Automatic;
				INFOPLIST_FILE = Gamer/Info.plist;
				LD_RUNPATH_SEARCH_PATHS = (
					"$(inherited)",
					"@executable_path/Frameworks",
				);
				MARKETING_VERSION = 2.0;
				PRODUCT_BUNDLE_IDENTIFIER = "Daniel-Orcutt.Gamer";
				PRODUCT_NAME = "$(TARGET_NAME)";
				SWIFT_VERSION = 5.0;
				TARGETED_DEVICE_FAMILY = "1,2";
			};
			name = Debug;
		};
		083CF026261F2CF70098386C /* Release */ = {
			isa = XCBuildConfiguration;
			buildSettings = {
				ASSETCATALOG_COMPILER_APPICON_NAME = AppIcon;
				ASSETCATALOG_COMPILER_GLOBAL_ACCENT_COLOR_NAME = AccentColor;
				CODE_SIGN_STYLE = Automatic;
				INFOPLIST_FILE = Gamer/Info.plist;
				LD_RUNPATH_SEARCH_PATHS = (
					"$(inherited)",
					"@executable_path/Frameworks",
				);
				MARKETING_VERSION = 2.0;
				PRODUCT_BUNDLE_IDENTIFIER = "Daniel-Orcutt.Gamer";
				PRODUCT_NAME = "$(TARGET_NAME)";
				SWIFT_VERSION = 5.0;
				TARGETED_DEVICE_FAMILY = "1,2";
			};
			name = Release;
		};
/* End XCBuildConfiguration section */

/* Begin XCConfigurationList section */
		083CF00B261F2CF40098386C /* Build configuration list for PBXProject "Gamer" */ = {
			isa = XCConfigurationList;
			buildConfigurations = (
				083CF022261F2CF70098386C /* Debug */,
				083CF023261F2CF70098386C /* Release */,
			);
			defaultConfigurationIsVisible = 0;
			defaultConfigurationName = Release;
		};
		083CF024261F2CF70098386C /* Build configuration list for PBXNativeTarget "Gamer" */ = {
			isa = XCConfigurationList;
			buildConfigurations = (
				083CF025261F2CF70098386C /* Debug */,
				083CF026261F2CF70098386C /* Release */,
			);
			defaultConfigurationIsVisible = 0;
			defaultConfigurationName = Release;
		};
/* End XCConfigurationList section */
	};
	rootObject = 083CF008261F2CF40098386C /* Project object */;
}
